// !$*UTF8*$!
{
	archiveVersion = 1;
	classes = {
	};
	objectVersion = 55;
	objects = {

/* Begin PBXBuildFile section */
		FA1D53E1285792870067F63F /* AnimalDetailView.swift in Sources */ = {isa = PBXBuildFile; fileRef = FA1D53E0285792870067F63F /* AnimalDetailView.swift */; };
		FA1D53E3285795160067F63F /* HeadingView.swift in Sources */ = {isa = PBXBuildFile; fileRef = FA1D53E2285795160067F63F /* HeadingView.swift */; };
		FA1D53E52857962B0067F63F /* InsetGalleryView.swift in Sources */ = {isa = PBXBuildFile; fileRef = FA1D53E42857962B0067F63F /* InsetGalleryView.swift */; };
		FA1D53E7285799550067F63F /* InsetFactView.swift in Sources */ = {isa = PBXBuildFile; fileRef = FA1D53E6285799550067F63F /* InsetFactView.swift */; };
		FA1D53E928579C8C0067F63F /* InsetMapView.swift in Sources */ = {isa = PBXBuildFile; fileRef = FA1D53E828579C8C0067F63F /* InsetMapView.swift */; };
		FA1D53EB2857A0B30067F63F /* ExternalWeblinkView.swift in Sources */ = {isa = PBXBuildFile; fileRef = FA1D53EA2857A0B30067F63F /* ExternalWeblinkView.swift */; };
		FA1D53ED2857A3A30067F63F /* VideoModel.swift in Sources */ = {isa = PBXBuildFile; fileRef = FA1D53EC2857A3A30067F63F /* VideoModel.swift */; };
		FA1D53EF2857A4100067F63F /* VideoListItemView.swift in Sources */ = {isa = PBXBuildFile; fileRef = FA1D53EE2857A4100067F63F /* VideoListItemView.swift */; };
		FA1D53F12857CBB50067F63F /* VideoPlayerView.swift in Sources */ = {isa = PBXBuildFile; fileRef = FA1D53F02857CBB50067F63F /* VideoPlayerView.swift */; };
		FA1D53F42857CCF20067F63F /* VideoPlayerHelper.swift in Sources */ = {isa = PBXBuildFile; fileRef = FA1D53F32857CCF20067F63F /* VideoPlayerHelper.swift */; };
		FA7FE857284A79670093534C /* AfricaApp.swift in Sources */ = {isa = PBXBuildFile; fileRef = FA7FE856284A79670093534C /* AfricaApp.swift */; };
		FA7FE859284A79670093534C /* ContentView.swift in Sources */ = {isa = PBXBuildFile; fileRef = FA7FE858284A79670093534C /* ContentView.swift */; };
		FA7FE85B284A79680093534C /* Assets.xcassets in Resources */ = {isa = PBXBuildFile; fileRef = FA7FE85A284A79680093534C /* Assets.xcassets */; };
		FA7FE85E284A79680093534C /* Preview Assets.xcassets in Resources */ = {isa = PBXBuildFile; fileRef = FA7FE85D284A79680093534C /* Preview Assets.xcassets */; };
		FA7FE86F284A7E5F0093534C /* elephant.mp4 in Resources */ = {isa = PBXBuildFile; fileRef = FA7FE865284A7E5E0093534C /* elephant.mp4 */; };
		FA7FE870284A7E5F0093534C /* cheetah.mp4 in Resources */ = {isa = PBXBuildFile; fileRef = FA7FE866284A7E5E0093534C /* cheetah.mp4 */; };
		FA7FE871284A7E5F0093534C /* lion.mp4 in Resources */ = {isa = PBXBuildFile; fileRef = FA7FE867284A7E5E0093534C /* lion.mp4 */; };
		FA7FE872284A7E5F0093534C /* rhino.mp4 in Resources */ = {isa = PBXBuildFile; fileRef = FA7FE868284A7E5E0093534C /* rhino.mp4 */; };
		FA7FE873284A7E5F0093534C /* hippo.mp4 in Resources */ = {isa = PBXBuildFile; fileRef = FA7FE869284A7E5F0093534C /* hippo.mp4 */; };
		FA7FE874284A7E5F0093534C /* gorilla.mp4 in Resources */ = {isa = PBXBuildFile; fileRef = FA7FE86A284A7E5F0093534C /* gorilla.mp4 */; };
		FA7FE875284A7E5F0093534C /* lioness.mp4 in Resources */ = {isa = PBXBuildFile; fileRef = FA7FE86B284A7E5F0093534C /* lioness.mp4 */; };
		FA7FE876284A7E5F0093534C /* zebra.mp4 in Resources */ = {isa = PBXBuildFile; fileRef = FA7FE86C284A7E5F0093534C /* zebra.mp4 */; };
		FA7FE877284A7E5F0093534C /* giraffe.mp4 in Resources */ = {isa = PBXBuildFile; fileRef = FA7FE86D284A7E5F0093534C /* giraffe.mp4 */; };
		FA7FE878284A7E5F0093534C /* ostrich.mp4 in Resources */ = {isa = PBXBuildFile; fileRef = FA7FE86E284A7E5F0093534C /* ostrich.mp4 */; };
		FA7FE87B284A7EAE0093534C /* animals.json in Resources */ = {isa = PBXBuildFile; fileRef = FA7FE87A284A7EAE0093534C /* animals.json */; };
		FA7FE87F284A7EBE0093534C /* videos.json in Resources */ = {isa = PBXBuildFile; fileRef = FA7FE87C284A7EBE0093534C /* videos.json */; };
		FA7FE880284A7EBE0093534C /* covers.json in Resources */ = {isa = PBXBuildFile; fileRef = FA7FE87D284A7EBE0093534C /* covers.json */; };
		FA7FE881284A7EBE0093534C /* locations.json in Resources */ = {isa = PBXBuildFile; fileRef = FA7FE87E284A7EBE0093534C /* locations.json */; };
		FA7FE885284A81EE0093534C /* VideoListView.swift in Sources */ = {isa = PBXBuildFile; fileRef = FA7FE884284A81EE0093534C /* VideoListView.swift */; };
		FA7FE887284A820E0093534C /* MapView.swift in Sources */ = {isa = PBXBuildFile; fileRef = FA7FE886284A820E0093534C /* MapView.swift */; };
		FA7FE889284A821F0093534C /* GalleryView.swift in Sources */ = {isa = PBXBuildFile; fileRef = FA7FE888284A821F0093534C /* GalleryView.swift */; };
		FA7FE88B284A822D0093534C /* MainView.swift in Sources */ = {isa = PBXBuildFile; fileRef = FA7FE88A284A822D0093534C /* MainView.swift */; };
		FABC7C5E28592423004B9EFE /* LocationModel.swift in Sources */ = {isa = PBXBuildFile; fileRef = FABC7C5D28592423004B9EFE /* LocationModel.swift */; };
		FABC7C6028592D0D004B9EFE /* MapAnnotationView.swift in Sources */ = {isa = PBXBuildFile; fileRef = FABC7C5F28592D0D004B9EFE /* MapAnnotationView.swift */; };
		FABC7C62285A844E004B9EFE /* MotionAnimationView.swift in Sources */ = {isa = PBXBuildFile; fileRef = FABC7C61285A844E004B9EFE /* MotionAnimationView.swift */; };
		FAC0CB6F2856774A003B33B5 /* CoverImageView.swift in Sources */ = {isa = PBXBuildFile; fileRef = FAC0CB6E2856774A003B33B5 /* CoverImageView.swift */; };
		FAC0CB72285678BF003B33B5 /* CoverImageModel.swift in Sources */ = {isa = PBXBuildFile; fileRef = FAC0CB71285678BF003B33B5 /* CoverImageModel.swift */; };
		FAC0CB7528567946003B33B5 /* CodableBundleExtension.swift in Sources */ = {isa = PBXBuildFile; fileRef = FAC0CB7428567946003B33B5 /* CodableBundleExtension.swift */; };
		FAC0CB7728567D35003B33B5 /* AnimalListItemView.swift in Sources */ = {isa = PBXBuildFile; fileRef = FAC0CB7628567D35003B33B5 /* AnimalListItemView.swift */; };
		FAC0CB7928567F10003B33B5 /* AnimalModel.swift in Sources */ = {isa = PBXBuildFile; fileRef = FAC0CB7828567F10003B33B5 /* AnimalModel.swift */; };
/* End PBXBuildFile section */

/* Begin PBXFileReference section */
		FA1D53E0285792870067F63F /* AnimalDetailView.swift */ = {isa = PBXFileReference; lastKnownFileType = sourcecode.swift; path = AnimalDetailView.swift; sourceTree = "<group>"; };
		FA1D53E2285795160067F63F /* HeadingView.swift */ = {isa = PBXFileReference; lastKnownFileType = sourcecode.swift; path = HeadingView.swift; sourceTree = "<group>"; };
		FA1D53E42857962B0067F63F /* InsetGalleryView.swift */ = {isa = PBXFileReference; lastKnownFileType = sourcecode.swift; path = InsetGalleryView.swift; sourceTree = "<group>"; };
		FA1D53E6285799550067F63F /* InsetFactView.swift */ = {isa = PBXFileReference; lastKnownFileType = sourcecode.swift; path = InsetFactView.swift; sourceTree = "<group>"; };
		FA1D53E828579C8C0067F63F /* InsetMapView.swift */ = {isa = PBXFileReference; lastKnownFileType = sourcecode.swift; path = InsetMapView.swift; sourceTree = "<group>"; };
		FA1D53EA2857A0B30067F63F /* ExternalWeblinkView.swift */ = {isa = PBXFileReference; lastKnownFileType = sourcecode.swift; path = ExternalWeblinkView.swift; sourceTree = "<group>"; };
		FA1D53EC2857A3A30067F63F /* VideoModel.swift */ = {isa = PBXFileReference; lastKnownFileType = sourcecode.swift; path = VideoModel.swift; sourceTree = "<group>"; };
		FA1D53EE2857A4100067F63F /* VideoListItemView.swift */ = {isa = PBXFileReference; lastKnownFileType = sourcecode.swift; path = VideoListItemView.swift; sourceTree = "<group>"; };
		FA1D53F02857CBB50067F63F /* VideoPlayerView.swift */ = {isa = PBXFileReference; lastKnownFileType = sourcecode.swift; path = VideoPlayerView.swift; sourceTree = "<group>"; };
		FA1D53F32857CCF20067F63F /* VideoPlayerHelper.swift */ = {isa = PBXFileReference; lastKnownFileType = sourcecode.swift; path = VideoPlayerHelper.swift; sourceTree = "<group>"; };
		FA7FE853284A79670093534C /* Africa.app */ = {isa = PBXFileReference; explicitFileType = wrapper.application; includeInIndex = 0; path = Africa.app; sourceTree = BUILT_PRODUCTS_DIR; };
		FA7FE856284A79670093534C /* AfricaApp.swift */ = {isa = PBXFileReference; lastKnownFileType = sourcecode.swift; path = AfricaApp.swift; sourceTree = "<group>"; };
		FA7FE858284A79670093534C /* ContentView.swift */ = {isa = PBXFileReference; lastKnownFileType = sourcecode.swift; path = ContentView.swift; sourceTree = "<group>"; };
		FA7FE85A284A79680093534C /* Assets.xcassets */ = {isa = PBXFileReference; lastKnownFileType = folder.assetcatalog; path = Assets.xcassets; sourceTree = "<group>"; };
		FA7FE85D284A79680093534C /* Preview Assets.xcassets */ = {isa = PBXFileReference; lastKnownFileType = folder.assetcatalog; path = "Preview Assets.xcassets"; sourceTree = "<group>"; };
		FA7FE865284A7E5E0093534C /* elephant.mp4 */ = {isa = PBXFileReference; lastKnownFileType = file; path = elephant.mp4; sourceTree = "<group>"; };
		FA7FE866284A7E5E0093534C /* cheetah.mp4 */ = {isa = PBXFileReference; lastKnownFileType = file; path = cheetah.mp4; sourceTree = "<group>"; };
		FA7FE867284A7E5E0093534C /* lion.mp4 */ = {isa = PBXFileReference; lastKnownFileType = file; path = lion.mp4; sourceTree = "<group>"; };
		FA7FE868284A7E5E0093534C /* rhino.mp4 */ = {isa = PBXFileReference; lastKnownFileType = file; path = rhino.mp4; sourceTree = "<group>"; };
		FA7FE869284A7E5F0093534C /* hippo.mp4 */ = {isa = PBXFileReference; lastKnownFileType = file; path = hippo.mp4; sourceTree = "<group>"; };
		FA7FE86A284A7E5F0093534C /* gorilla.mp4 */ = {isa = PBXFileReference; lastKnownFileType = file; path = gorilla.mp4; sourceTree = "<group>"; };
		FA7FE86B284A7E5F0093534C /* lioness.mp4 */ = {isa = PBXFileReference; lastKnownFileType = file; path = lioness.mp4; sourceTree = "<group>"; };
		FA7FE86C284A7E5F0093534C /* zebra.mp4 */ = {isa = PBXFileReference; lastKnownFileType = file; path = zebra.mp4; sourceTree = "<group>"; };
		FA7FE86D284A7E5F0093534C /* giraffe.mp4 */ = {isa = PBXFileReference; lastKnownFileType = file; path = giraffe.mp4; sourceTree = "<group>"; };
		FA7FE86E284A7E5F0093534C /* ostrich.mp4 */ = {isa = PBXFileReference; lastKnownFileType = file; path = ostrich.mp4; sourceTree = "<group>"; };
		FA7FE87A284A7EAE0093534C /* animals.json */ = {isa = PBXFileReference; fileEncoding = 4; lastKnownFileType = text.json; path = animals.json; sourceTree = "<group>"; };
		FA7FE87C284A7EBE0093534C /* videos.json */ = {isa = PBXFileReference; fileEncoding = 4; lastKnownFileType = text.json; path = videos.json; sourceTree = "<group>"; };
		FA7FE87D284A7EBE0093534C /* covers.json */ = {isa = PBXFileReference; fileEncoding = 4; lastKnownFileType = text.json; path = covers.json; sourceTree = "<group>"; };
		FA7FE87E284A7EBE0093534C /* locations.json */ = {isa = PBXFileReference; fileEncoding = 4; lastKnownFileType = text.json; path = locations.json; sourceTree = "<group>"; };
		FA7FE882284A7FB80093534C /* Info.plist */ = {isa = PBXFileReference; lastKnownFileType = text.plist; path = Info.plist; sourceTree = "<group>"; };
		FA7FE884284A81EE0093534C /* VideoListView.swift */ = {isa = PBXFileReference; lastKnownFileType = sourcecode.swift; path = VideoListView.swift; sourceTree = "<group>"; };
		FA7FE886284A820E0093534C /* MapView.swift */ = {isa = PBXFileReference; lastKnownFileType = sourcecode.swift; path = MapView.swift; sourceTree = "<group>"; };
		FA7FE888284A821F0093534C /* GalleryView.swift */ = {isa = PBXFileReference; lastKnownFileType = sourcecode.swift; path = GalleryView.swift; sourceTree = "<group>"; };
		FA7FE88A284A822D0093534C /* MainView.swift */ = {isa = PBXFileReference; lastKnownFileType = sourcecode.swift; path = MainView.swift; sourceTree = "<group>"; };
		FABC7C5D28592423004B9EFE /* LocationModel.swift */ = {isa = PBXFileReference; lastKnownFileType = sourcecode.swift; path = LocationModel.swift; sourceTree = "<group>"; };
		FABC7C5F28592D0D004B9EFE /* MapAnnotationView.swift */ = {isa = PBXFileReference; lastKnownFileType = sourcecode.swift; path = MapAnnotationView.swift; sourceTree = "<group>"; };
		FABC7C61285A844E004B9EFE /* MotionAnimationView.swift */ = {isa = PBXFileReference; lastKnownFileType = sourcecode.swift; path = MotionAnimationView.swift; sourceTree = "<group>"; };
		FAC0CB6E2856774A003B33B5 /* CoverImageView.swift */ = {isa = PBXFileReference; lastKnownFileType = sourcecode.swift; path = CoverImageView.swift; sourceTree = "<group>"; };
		FAC0CB71285678BF003B33B5 /* CoverImageModel.swift */ = {isa = PBXFileReference; lastKnownFileType = sourcecode.swift; path = CoverImageModel.swift; sourceTree = "<group>"; };
		FAC0CB7428567946003B33B5 /* CodableBundleExtension.swift */ = {isa = PBXFileReference; lastKnownFileType = sourcecode.swift; path = CodableBundleExtension.swift; sourceTree = "<group>"; };
		FAC0CB7628567D35003B33B5 /* AnimalListItemView.swift */ = {isa = PBXFileReference; lastKnownFileType = sourcecode.swift; path = AnimalListItemView.swift; sourceTree = "<group>"; };
		FAC0CB7828567F10003B33B5 /* AnimalModel.swift */ = {isa = PBXFileReference; lastKnownFileType = sourcecode.swift; path = AnimalModel.swift; sourceTree = "<group>"; };
/* End PBXFileReference section */

/* Begin PBXFrameworksBuildPhase section */
		FA7FE850284A79670093534C /* Frameworks */ = {
			isa = PBXFrameworksBuildPhase;
			buildActionMask = 2147483647;
			files = (
			);
			runOnlyForDeploymentPostprocessing = 0;
		};
/* End PBXFrameworksBuildPhase section */

/* Begin PBXGroup section */
		FA1D53F22857CCDE0067F63F /* Helper */ = {
			isa = PBXGroup;
			children = (
				FA1D53F32857CCF20067F63F /* VideoPlayerHelper.swift */,
			);
			path = Helper;
			sourceTree = "<group>";
		};
		FA7FE84A284A79670093534C = {
			isa = PBXGroup;
			children = (
				FA7FE855284A79670093534C /* Africa */,
				FA7FE854284A79670093534C /* Products */,
			);
			sourceTree = "<group>";
		};
		FA7FE854284A79670093534C /* Products */ = {
			isa = PBXGroup;
			children = (
				FA7FE853284A79670093534C /* Africa.app */,
			);
			name = Products;
			sourceTree = "<group>";
		};
		FA7FE855284A79670093534C /* Africa */ = {
			isa = PBXGroup;
			children = (
				FA1D53F22857CCDE0067F63F /* Helper */,
				FA7FE883284A81710093534C /* App */,
				FAC0CB6D28567725003B33B5 /* View */,
				FAC0CB7328567931003B33B5 /* Extension */,
				FAC0CB70285678AA003B33B5 /* Model */,
				FA7FE879284A7E910093534C /* Data */,
				FA7FE864284A7E340093534C /* Video */,
				FA7FE85A284A79680093534C /* Assets.xcassets */,
				FA7FE882284A7FB80093534C /* Info.plist */,
				FA7FE85C284A79680093534C /* Preview Content */,
			);
			path = Africa;
			sourceTree = "<group>";
		};
		FA7FE85C284A79680093534C /* Preview Content */ = {
			isa = PBXGroup;
			children = (
				FA7FE85D284A79680093534C /* Preview Assets.xcassets */,
			);
			path = "Preview Content";
			sourceTree = "<group>";
		};
		FA7FE864284A7E340093534C /* Video */ = {
			isa = PBXGroup;
			children = (
				FA7FE866284A7E5E0093534C /* cheetah.mp4 */,
				FA7FE865284A7E5E0093534C /* elephant.mp4 */,
				FA7FE86D284A7E5F0093534C /* giraffe.mp4 */,
				FA7FE86A284A7E5F0093534C /* gorilla.mp4 */,
				FA7FE869284A7E5F0093534C /* hippo.mp4 */,
				FA7FE867284A7E5E0093534C /* lion.mp4 */,
				FA7FE86B284A7E5F0093534C /* lioness.mp4 */,
				FA7FE86E284A7E5F0093534C /* ostrich.mp4 */,
				FA7FE868284A7E5E0093534C /* rhino.mp4 */,
				FA7FE86C284A7E5F0093534C /* zebra.mp4 */,
			);
			path = Video;
			sourceTree = "<group>";
		};
		FA7FE879284A7E910093534C /* Data */ = {
			isa = PBXGroup;
			children = (
				FA7FE87D284A7EBE0093534C /* covers.json */,
				FA7FE87A284A7EAE0093534C /* animals.json */,
				FA7FE87E284A7EBE0093534C /* locations.json */,
				FA7FE87C284A7EBE0093534C /* videos.json */,
			);
			path = Data;
			sourceTree = "<group>";
		};
		FA7FE883284A81710093534C /* App */ = {
			isa = PBXGroup;
			children = (
				FA7FE856284A79670093534C /* AfricaApp.swift */,
				FA7FE858284A79670093534C /* ContentView.swift */,
				FA7FE884284A81EE0093534C /* VideoListView.swift */,
				FA7FE886284A820E0093534C /* MapView.swift */,
				FA7FE888284A821F0093534C /* GalleryView.swift */,
				FA7FE88A284A822D0093534C /* MainView.swift */,
			);
			path = App;
			sourceTree = "<group>";
		};
		FAC0CB6D28567725003B33B5 /* View */ = {
			isa = PBXGroup;
			children = (
				FAC0CB6E2856774A003B33B5 /* CoverImageView.swift */,
				FAC0CB7628567D35003B33B5 /* AnimalListItemView.swift */,
				FA1D53E0285792870067F63F /* AnimalDetailView.swift */,
				FA1D53E2285795160067F63F /* HeadingView.swift */,
				FA1D53E42857962B0067F63F /* InsetGalleryView.swift */,
				FA1D53E6285799550067F63F /* InsetFactView.swift */,
				FA1D53E828579C8C0067F63F /* InsetMapView.swift */,
				FA1D53EA2857A0B30067F63F /* ExternalWeblinkView.swift */,
				FA1D53EE2857A4100067F63F /* VideoListItemView.swift */,
				FA1D53F02857CBB50067F63F /* VideoPlayerView.swift */,
				FABC7C5F28592D0D004B9EFE /* MapAnnotationView.swift */,
				FABC7C61285A844E004B9EFE /* MotionAnimationView.swift */,
			);
			path = View;
			sourceTree = "<group>";
		};
		FAC0CB70285678AA003B33B5 /* Model */ = {
			isa = PBXGroup;
			children = (
				FAC0CB71285678BF003B33B5 /* CoverImageModel.swift */,
				FAC0CB7828567F10003B33B5 /* AnimalModel.swift */,
				FA1D53EC2857A3A30067F63F /* VideoModel.swift */,
				FABC7C5D28592423004B9EFE /* LocationModel.swift */,
			);
			path = Model;
			sourceTree = "<group>";
		};
		FAC0CB7328567931003B33B5 /* Extension */ = {
			isa = PBXGroup;
			children = (
				FAC0CB7428567946003B33B5 /* CodableBundleExtension.swift */,
			);
			path = Extension;
			sourceTree = "<group>";
		};
/* End PBXGroup section */

/* Begin PBXNativeTarget section */
		FA7FE852284A79670093534C /* Africa */ = {
			isa = PBXNativeTarget;
			buildConfigurationList = FA7FE861284A79680093534C /* Build configuration list for PBXNativeTarget "Africa" */;
			buildPhases = (
				FA7FE84F284A79670093534C /* Sources */,
				FA7FE850284A79670093534C /* Frameworks */,
				FA7FE851284A79670093534C /* Resources */,
			);
			buildRules = (
			);
			dependencies = (
			);
			name = Africa;
			productName = Africa;
			productReference = FA7FE853284A79670093534C /* Africa.app */;
			productType = "com.apple.product-type.application";
		};
/* End PBXNativeTarget section */

/* Begin PBXProject section */
		FA7FE84B284A79670093534C /* Project object */ = {
			isa = PBXProject;
			attributes = {
				BuildIndependentTargetsInParallel = 1;
				LastSwiftUpdateCheck = 1340;
				LastUpgradeCheck = 1340;
				TargetAttributes = {
					FA7FE852284A79670093534C = {
						CreatedOnToolsVersion = 13.4;
					};
				};
			};
			buildConfigurationList = FA7FE84E284A79670093534C /* Build configuration list for PBXProject "Africa" */;
			compatibilityVersion = "Xcode 13.0";
			developmentRegion = en;
			hasScannedForEncodings = 0;
			knownRegions = (
				en,
				Base,
			);
			mainGroup = FA7FE84A284A79670093534C;
			productRefGroup = FA7FE854284A79670093534C /* Products */;
			projectDirPath = "";
			projectRoot = "";
			targets = (
				FA7FE852284A79670093534C /* Africa */,
			);
		};
/* End PBXProject section */

/* Begin PBXResourcesBuildPhase section */
		FA7FE851284A79670093534C /* Resources */ = {
			isa = PBXResourcesBuildPhase;
			buildActionMask = 2147483647;
			files = (
				FA7FE872284A7E5F0093534C /* rhino.mp4 in Resources */,
				FA7FE870284A7E5F0093534C /* cheetah.mp4 in Resources */,
				FA7FE881284A7EBE0093534C /* locations.json in Resources */,
				FA7FE875284A7E5F0093534C /* lioness.mp4 in Resources */,
				FA7FE87F284A7EBE0093534C /* videos.json in Resources */,
				FA7FE873284A7E5F0093534C /* hippo.mp4 in Resources */,
				FA7FE85E284A79680093534C /* Preview Assets.xcassets in Resources */,
				FA7FE874284A7E5F0093534C /* gorilla.mp4 in Resources */,
				FA7FE878284A7E5F0093534C /* ostrich.mp4 in Resources */,
				FA7FE87B284A7EAE0093534C /* animals.json in Resources */,
				FA7FE877284A7E5F0093534C /* giraffe.mp4 in Resources */,
				FA7FE880284A7EBE0093534C /* covers.json in Resources */,
				FA7FE876284A7E5F0093534C /* zebra.mp4 in Resources */,
				FA7FE85B284A79680093534C /* Assets.xcassets in Resources */,
				FA7FE871284A7E5F0093534C /* lion.mp4 in Resources */,
				FA7FE86F284A7E5F0093534C /* elephant.mp4 in Resources */,
			);
			runOnlyForDeploymentPostprocessing = 0;
		};
/* End PBXResourcesBuildPhase section */

/* Begin PBXSourcesBuildPhase section */
		FA7FE84F284A79670093534C /* Sources */ = {
			isa = PBXSourcesBuildPhase;
			buildActionMask = 2147483647;
			files = (
				FA1D53EB2857A0B30067F63F /* ExternalWeblinkView.swift in Sources */,
				FA7FE859284A79670093534C /* ContentView.swift in Sources */,
				FAC0CB7728567D35003B33B5 /* AnimalListItemView.swift in Sources */,
				FA7FE88B284A822D0093534C /* MainView.swift in Sources */,
				FA1D53E7285799550067F63F /* InsetFactView.swift in Sources */,
				FAC0CB6F2856774A003B33B5 /* CoverImageView.swift in Sources */,
				FAC0CB72285678BF003B33B5 /* CoverImageModel.swift in Sources */,
				FA1D53E1285792870067F63F /* AnimalDetailView.swift in Sources */,
				FAC0CB7928567F10003B33B5 /* AnimalModel.swift in Sources */,
				FA7FE887284A820E0093534C /* MapView.swift in Sources */,
				FA1D53F42857CCF20067F63F /* VideoPlayerHelper.swift in Sources */,
				FA1D53E928579C8C0067F63F /* InsetMapView.swift in Sources */,
				FA7FE857284A79670093534C /* AfricaApp.swift in Sources */,
				FABC7C6028592D0D004B9EFE /* MapAnnotationView.swift in Sources */,
				FA7FE885284A81EE0093534C /* VideoListView.swift in Sources */,
				FA1D53ED2857A3A30067F63F /* VideoModel.swift in Sources */,
				FA7FE889284A821F0093534C /* GalleryView.swift in Sources */,
				FABC7C5E28592423004B9EFE /* LocationModel.swift in Sources */,
				FA1D53E52857962B0067F63F /* InsetGalleryView.swift in Sources */,
				FA1D53EF2857A4100067F63F /* VideoListItemView.swift in Sources */,
				FAC0CB7528567946003B33B5 /* CodableBundleExtension.swift in Sources */,
				FABC7C62285A844E004B9EFE /* MotionAnimationView.swift in Sources */,
				FA1D53E3285795160067F63F /* HeadingView.swift in Sources */,
				FA1D53F12857CBB50067F63F /* VideoPlayerView.swift in Sources */,
			);
			runOnlyForDeploymentPostprocessing = 0;
		};
/* End PBXSourcesBuildPhase section */

/* Begin XCBuildConfiguration section */
		FA7FE85F284A79680093534C /* Debug */ = {
			isa = XCBuildConfiguration;
			buildSettings = {
				ALWAYS_SEARCH_USER_PATHS = NO;
				CLANG_ANALYZER_NONNULL = YES;
				CLANG_ANALYZER_NUMBER_OBJECT_CONVERSION = YES_AGGRESSIVE;
				CLANG_CXX_LANGUAGE_STANDARD = "gnu++17";
				CLANG_ENABLE_MODULES = YES;
				CLANG_ENABLE_OBJC_ARC = YES;
				CLANG_ENABLE_OBJC_WEAK = YES;
				CLANG_WARN_BLOCK_CAPTURE_AUTORELEASING = YES;
				CLANG_WARN_BOOL_CONVERSION = YES;
				CLANG_WARN_COMMA = YES;
				CLANG_WARN_CONSTANT_CONVERSION = YES;
				CLANG_WARN_DEPRECATED_OBJC_IMPLEMENTATIONS = YES;
				CLANG_WARN_DIRECT_OBJC_ISA_USAGE = YES_ERROR;
				CLANG_WARN_DOCUMENTATION_COMMENTS = YES;
				CLANG_WARN_EMPTY_BODY = YES;
				CLANG_WARN_ENUM_CONVERSION = YES;
				CLANG_WARN_INFINITE_RECURSION = YES;
				CLANG_WARN_INT_CONVERSION = YES;
				CLANG_WARN_NON_LITERAL_NULL_CONVERSION = YES;
				CLANG_WARN_OBJC_IMPLICIT_RETAIN_SELF = YES;
				CLANG_WARN_OBJC_LITERAL_CONVERSION = YES;
				CLANG_WARN_OBJC_ROOT_CLASS = YES_ERROR;
				CLANG_WARN_QUOTED_INCLUDE_IN_FRAMEWORK_HEADER = YES;
				CLANG_WARN_RANGE_LOOP_ANALYSIS = YES;
				CLANG_WARN_STRICT_PROTOTYPES = YES;
				CLANG_WARN_SUSPICIOUS_MOVE = YES;
				CLANG_WARN_UNGUARDED_AVAILABILITY = YES_AGGRESSIVE;
				CLANG_WARN_UNREACHABLE_CODE = YES;
				CLANG_WARN__DUPLICATE_METHOD_MATCH = YES;
				COPY_PHASE_STRIP = NO;
				DEBUG_INFORMATION_FORMAT = dwarf;
				ENABLE_STRICT_OBJC_MSGSEND = YES;
				ENABLE_TESTABILITY = YES;
				GCC_C_LANGUAGE_STANDARD = gnu11;
				GCC_DYNAMIC_NO_PIC = NO;
				GCC_NO_COMMON_BLOCKS = YES;
				GCC_OPTIMIZATION_LEVEL = 0;
				GCC_PREPROCESSOR_DEFINITIONS = (
					"DEBUG=1",
					"$(inherited)",
				);
				GCC_WARN_64_TO_32_BIT_CONVERSION = YES;
				GCC_WARN_ABOUT_RETURN_TYPE = YES_ERROR;
				GCC_WARN_UNDECLARED_SELECTOR = YES;
				GCC_WARN_UNINITIALIZED_AUTOS = YES_AGGRESSIVE;
				GCC_WARN_UNUSED_FUNCTION = YES;
				GCC_WARN_UNUSED_VARIABLE = YES;
				IPHONEOS_DEPLOYMENT_TARGET = 15.5;
				MTL_ENABLE_DEBUG_INFO = INCLUDE_SOURCE;
				MTL_FAST_MATH = YES;
				ONLY_ACTIVE_ARCH = YES;
				SDKROOT = iphoneos;
				SWIFT_ACTIVE_COMPILATION_CONDITIONS = DEBUG;
				SWIFT_OPTIMIZATION_LEVEL = "-Onone";
			};
			name = Debug;
		};
		FA7FE860284A79680093534C /* Release */ = {
			isa = XCBuildConfiguration;
			buildSettings = {
				ALWAYS_SEARCH_USER_PATHS = NO;
				CLANG_ANALYZER_NONNULL = YES;
				CLANG_ANALYZER_NUMBER_OBJECT_CONVERSION = YES_AGGRESSIVE;
				CLANG_CXX_LANGUAGE_STANDARD = "gnu++17";
				CLANG_ENABLE_MODULES = YES;
				CLANG_ENABLE_OBJC_ARC = YES;
				CLANG_ENABLE_OBJC_WEAK = YES;
				CLANG_WARN_BLOCK_CAPTURE_AUTORELEASING = YES;
				CLANG_WARN_BOOL_CONVERSION = YES;
				CLANG_WARN_COMMA = YES;
				CLANG_WARN_CONSTANT_CONVERSION = YES;
				CLANG_WARN_DEPRECATED_OBJC_IMPLEMENTATIONS = YES;
				CLANG_WARN_DIRECT_OBJC_ISA_USAGE = YES_ERROR;
				CLANG_WARN_DOCUMENTATION_COMMENTS = YES;
				CLANG_WARN_EMPTY_BODY = YES;
				CLANG_WARN_ENUM_CONVERSION = YES;
				CLANG_WARN_INFINITE_RECURSION = YES;
				CLANG_WARN_INT_CONVERSION = YES;
				CLANG_WARN_NON_LITERAL_NULL_CONVERSION = YES;
				CLANG_WARN_OBJC_IMPLICIT_RETAIN_SELF = YES;
				CLANG_WARN_OBJC_LITERAL_CONVERSION = YES;
				CLANG_WARN_OBJC_ROOT_CLASS = YES_ERROR;
				CLANG_WARN_QUOTED_INCLUDE_IN_FRAMEWORK_HEADER = YES;
				CLANG_WARN_RANGE_LOOP_ANALYSIS = YES;
				CLANG_WARN_STRICT_PROTOTYPES = YES;
				CLANG_WARN_SUSPICIOUS_MOVE = YES;
				CLANG_WARN_UNGUARDED_AVAILABILITY = YES_AGGRESSIVE;
				CLANG_WARN_UNREACHABLE_CODE = YES;
				CLANG_WARN__DUPLICATE_METHOD_MATCH = YES;
				COPY_PHASE_STRIP = NO;
				DEBUG_INFORMATION_FORMAT = "dwarf-with-dsym";
				ENABLE_NS_ASSERTIONS = NO;
				ENABLE_STRICT_OBJC_MSGSEND = YES;
				GCC_C_LANGUAGE_STANDARD = gnu11;
				GCC_NO_COMMON_BLOCKS = YES;
				GCC_WARN_64_TO_32_BIT_CONVERSION = YES;
				GCC_WARN_ABOUT_RETURN_TYPE = YES_ERROR;
				GCC_WARN_UNDECLARED_SELECTOR = YES;
				GCC_WARN_UNINITIALIZED_AUTOS = YES_AGGRESSIVE;
				GCC_WARN_UNUSED_FUNCTION = YES;
				GCC_WARN_UNUSED_VARIABLE = YES;
				IPHONEOS_DEPLOYMENT_TARGET = 15.5;
				MTL_ENABLE_DEBUG_INFO = NO;
				MTL_FAST_MATH = YES;
				SDKROOT = iphoneos;
				SWIFT_COMPILATION_MODE = wholemodule;
				SWIFT_OPTIMIZATION_LEVEL = "-O";
				VALIDATE_PRODUCT = YES;
			};
			name = Release;
		};
		FA7FE862284A79680093534C /* Debug */ = {
			isa = XCBuildConfiguration;
			buildSettings = {
				ASSETCATALOG_COMPILER_APPICON_NAME = AppIcon;
				ASSETCATALOG_COMPILER_GLOBAL_ACCENT_COLOR_NAME = AccentColor;
				CODE_SIGN_STYLE = Automatic;
				CURRENT_PROJECT_VERSION = 1;
				DEVELOPMENT_ASSET_PATHS = "\"Africa/Preview Content\"";
				DEVELOPMENT_TEAM = UNSBUCHFN8;
				ENABLE_PREVIEWS = YES;
				GENERATE_INFOPLIST_FILE = YES;
				INFOPLIST_FILE = Africa/Info.plist;
				INFOPLIST_KEY_UIApplicationSceneManifest_Generation = YES;
				INFOPLIST_KEY_UIApplicationSupportsIndirectInputEvents = YES;
				INFOPLIST_KEY_UISupportedInterfaceOrientations_iPad = "UIInterfaceOrientationPortrait UIInterfaceOrientationPortraitUpsideDown UIInterfaceOrientationLandscapeLeft UIInterfaceOrientationLandscapeRight";
				INFOPLIST_KEY_UISupportedInterfaceOrientations_iPhone = "UIInterfaceOrientationPortrait UIInterfaceOrientationLandscapeLeft UIInterfaceOrientationLandscapeRight";
				INFOPLIST_KEY_UIUserInterfaceStyle = Dark;
				LD_RUNPATH_SEARCH_PATHS = (
					"$(inherited)",
					"@executable_path/Frameworks",
				);
				MARKETING_VERSION = 1.0;
				PRODUCT_BUNDLE_IDENTIFIER = com.aleksandrspetruhins.Africa;
				PRODUCT_NAME = "$(TARGET_NAME)";
				SWIFT_EMIT_LOC_STRINGS = YES;
				SWIFT_VERSION = 5.0;
				TARGETED_DEVICE_FAMILY = "1,2";
			};
			name = Debug;
		};
		FA7FE863284A79680093534C /* Release */ = {
			isa = XCBuildConfiguration;
			buildSettings = {
				ASSETCATALOG_COMPILER_APPICON_NAME = AppIcon;
				ASSETCATALOG_COMPILER_GLOBAL_ACCENT_COLOR_NAME = AccentColor;
				CODE_SIGN_STYLE = Automatic;
				CURRENT_PROJECT_VERSION = 1;
				DEVELOPMENT_ASSET_PATHS = "\"Africa/Preview Content\"";
				DEVELOPMENT_TEAM = UNSBUCHFN8;
				ENABLE_PREVIEWS = YES;
				GENERATE_INFOPLIST_FILE = YES;
				INFOPLIST_FILE = Africa/Info.plist;
				INFOPLIST_KEY_UIApplicationSceneManifest_Generation = YES;
				INFOPLIST_KEY_UIApplicationSupportsIndirectInputEvents = YES;
				INFOPLIST_KEY_UISupportedInterfaceOrientations_iPad = "UIInterfaceOrientationPortrait UIInterfaceOrientationPortraitUpsideDown UIInterfaceOrientationLandscapeLeft UIInterfaceOrientationLandscapeRight";
				INFOPLIST_KEY_UISupportedInterfaceOrientations_iPhone = "UIInterfaceOrientationPortrait UIInterfaceOrientationLandscapeLeft UIInterfaceOrientationLandscapeRight";
				INFOPLIST_KEY_UIUserInterfaceStyle = Dark;
				LD_RUNPATH_SEARCH_PATHS = (
					"$(inherited)",
					"@executable_path/Frameworks",
				);
				MARKETING_VERSION = 1.0;
				PRODUCT_BUNDLE_IDENTIFIER = com.aleksandrspetruhins.Africa;
				PRODUCT_NAME = "$(TARGET_NAME)";
				SWIFT_EMIT_LOC_STRINGS = YES;
				SWIFT_VERSION = 5.0;
				TARGETED_DEVICE_FAMILY = "1,2";
			};
			name = Release;
		};
/* End XCBuildConfiguration section */

/* Begin XCConfigurationList section */
		FA7FE84E284A79670093534C /* Build configuration list for PBXProject "Africa" */ = {
			isa = XCConfigurationList;
			buildConfigurations = (
				FA7FE85F284A79680093534C /* Debug */,
				FA7FE860284A79680093534C /* Release */,
			);
			defaultConfigurationIsVisible = 0;
			defaultConfigurationName = Release;
		};
		FA7FE861284A79680093534C /* Build configuration list for PBXNativeTarget "Africa" */ = {
			isa = XCConfigurationList;
			buildConfigurations = (
				FA7FE862284A79680093534C /* Debug */,
				FA7FE863284A79680093534C /* Release */,
			);
			defaultConfigurationIsVisible = 0;
			defaultConfigurationName = Release;
		};
/* End XCConfigurationList section */
	};
	rootObject = FA7FE84B284A79670093534C /* Project object */;
}
